
Microsoft Visual Studio Solution File, Format Version 12.00
# Visual Studio Version 17
VisualStudioVersion = 17.10.35027.167
MinimumVisualStudioVersion = 10.0.40219.1
Project("{FAE04EC0-301F-11D3-BF4B-00C04F79EFBC}") = "SteelCMS.Server", "Server\SteelCMS.Server.csproj", "{9CBE202B-8F27-4B0F-BB58-94EF4459FA8E}"
EndProject
Project("{FAE04EC0-301F-11D3-BF4B-00C04F79EFBC}") = "SteelCMS.Client", "Client\SteelCMS.Client.csproj", "{73C041A9-1BEC-4950-8CAA-71B697C9F47E}"
EndProject
Project("{FAE04EC0-301F-11D3-BF4B-00C04F79EFBC}") = "SteelCMS.Shared", "Shared\SteelCMS.Shared.csproj", "{A6AF5136-9842-4AE9-A70C-63B0B5452223}"
EndProject
Global
	GlobalSection(SolutionConfigurationPlatforms) = preSolution
		Debug|Any CPU = Debug|Any CPU
		Release|Any CPU = Release|Any CPU
	EndGlobalSection
	GlobalSection(ProjectConfigurationPlatforms) = postSolution
		{9CBE202B-8F27-4B0F-BB58-94EF4459FA8E}.Debug|Any CPU.ActiveCfg = Debug|Any CPU
		{9CBE202B-8F27-4B0F-BB58-94EF4459FA8E}.Debug|Any CPU.Build.0 = Debug|Any CPU
		{9CBE202B-8F27-4B0F-BB58-94EF4459FA8E}.Release|Any CPU.ActiveCfg = Release|Any CPU
		{9CBE202B-8F27-4B0F-BB58-94EF4459FA8E}.Release|Any CPU.Build.0 = Release|Any CPU
		{73C041A9-1BEC-4950-8CAA-71B697C9F47E}.Debug|Any CPU.ActiveCfg = Debug|Any CPU
		{73C041A9-1BEC-4950-8CAA-71B697C9F47E}.Debug|Any CPU.Build.0 = Debug|Any CPU
		{73C041A9-1BEC-4950-8CAA-71B697C9F47E}.Release|Any CPU.ActiveCfg = Release|Any CPU
		{73C041A9-1BEC-4950-8CAA-71B697C9F47E}.Release|Any CPU.Build.0 = Release|Any CPU
		{A6AF5136-9842-4AE9-A70C-63B0B5452223}.Debug|Any CPU.ActiveCfg = Debug|Any CPU
		{A6AF5136-9842-4AE9-A70C-63B0B5452223}.Debug|Any CPU.Build.0 = Debug|Any CPU
		{A6AF5136-9842-4AE9-A70C-63B0B5452223}.Release|Any CPU.ActiveCfg = Release|Any CPU
		{A6AF5136-9842-4AE9-A70C-63B0B5452223}.Release|Any CPU.Build.0 = Release|Any CPU
	EndGlobalSection
	GlobalSection(SolutionProperties) = preSolution
		HideSolutionNode = FALSE
	EndGlobalSection
	GlobalSection(ExtensibilityGlobals) = postSolution
		SolutionGuid = {AC397976-5606-4A04-8001-80BFF32468B4}
	EndGlobalSection
EndGlobal
